# This file is automatically @generated by Poetry 1.7.1 and should not be changed by hand.

[[package]]
name = "c_formatter_42"
version = "0.2.7"
description = "formatting tool complient with 42 school's norm"
optional = false
python-versions = ">=3.7"
files = []
develop = false

[package.source]
type = "directory"
url = "submodule/c_formatter_42"

[[package]]
name = "click"
version = "8.1.7"
description = "Composable command line interface toolkit"
optional = false
python-versions = ">=3.7"
files = [
    {file = "click-8.1.7-py3-none-any.whl", hash = "sha256:ae74fb96c20a0277a1d615f1e4d73c8414f5a98db8b799a7931d1582f3390c28"},
    {file = "click-8.1.7.tar.gz", hash = "sha256:ca9853ad459e787e2192211578cc907e7594e294c7ccc834310722b41b9ca6de"},
]

[package.dependencies]
colorama = {version = "*", markers = "platform_system == \"Windows\""}

[package.source]
type = "legacy"
url = "http://mirrors.aliyun.com/pypi/simple"
reference = "aliyun"

[[package]]
name = "colorama"
version = "0.4.6"
description = "Cross-platform colored terminal text."
optional = false
python-versions = "!=3.0.*,!=3.1.*,!=3.2.*,!=3.3.*,!=3.4.*,!=3.5.*,!=3.6.*,>=2.7"
files = [
    {file = "colorama-0.4.6-py2.py3-none-any.whl", hash = "sha256:4f1d9991f5acc0ca119f9d443620b77f9d6b33703e51011c16baf57afb285fc6"},
    {file = "colorama-0.4.6.tar.gz", hash = "sha256:08695f5cb7ed6e0531a20572697297273c47b8cae5a63ffc6d6ed5c201be6e44"},
]

[package.source]
type = "legacy"
url = "http://mirrors.aliyun.com/pypi/simple"
reference = "aliyun"

[[package]]
name = "dictdiffer"
version = "0.9.0"
description = "Dictdiffer is a library that helps you to diff and patch dictionaries."
optional = false
python-versions = "*"
files = [
    {file = "dictdiffer-0.9.0-py2.py3-none-any.whl", hash = "sha256:442bfc693cfcadaf46674575d2eba1c53b42f5e404218ca2c2ff549f2df56595"},
    {file = "dictdiffer-0.9.0.tar.gz", hash = "sha256:17bacf5fbfe613ccf1b6d512bd766e6b21fb798822a133aa86098b8ac9997578"},
]

[package.extras]
all = ["Sphinx (>=3)", "check-manifest (>=0.42)", "mock (>=1.3.0)", "numpy (>=1.13.0)", "numpy (>=1.15.0)", "numpy (>=1.18.0)", "numpy (>=1.20.0)", "pytest (==5.4.3)", "pytest (>=6)", "pytest-cov (>=2.10.1)", "pytest-isort (>=1.2.0)", "pytest-pycodestyle (>=2)", "pytest-pycodestyle (>=2.2.0)", "pytest-pydocstyle (>=2)", "pytest-pydocstyle (>=2.2.0)", "sphinx (>=3)", "sphinx-rtd-theme (>=0.2)", "tox (>=3.7.0)"]
docs = ["Sphinx (>=3)", "sphinx-rtd-theme (>=0.2)"]
numpy = ["numpy (>=1.13.0)", "numpy (>=1.15.0)", "numpy (>=1.18.0)", "numpy (>=1.20.0)"]
tests = ["check-manifest (>=0.42)", "mock (>=1.3.0)", "pytest (==5.4.3)", "pytest (>=6)", "pytest-cov (>=2.10.1)", "pytest-isort (>=1.2.0)", "pytest-pycodestyle (>=2)", "pytest-pycodestyle (>=2.2.0)", "pytest-pydocstyle (>=2)", "pytest-pydocstyle (>=2.2.0)", "sphinx (>=3)", "tox (>=3.7.0)"]

[package.source]
type = "legacy"
url = "http://mirrors.aliyun.com/pypi/simple"
reference = "aliyun"

[[package]]
name = "dnspython"
version = "2.5.0"
description = "DNS toolkit"
optional = false
python-versions = ">=3.8"
files = [
    {file = "dnspython-2.5.0-py3-none-any.whl", hash = "sha256:6facdf76b73c742ccf2d07add296f178e629da60be23ce4b0a9c927b1e02c3a6"},
    {file = "dnspython-2.5.0.tar.gz", hash = "sha256:a0034815a59ba9ae888946be7ccca8f7c157b286f8455b379c692efb51022a15"},
]

[package.extras]
dev = ["black (>=23.1.0)", "coverage (>=7.0)", "flake8 (>=5.0.3)", "mypy (>=1.0.1)", "pylint (>=2.7)", "pytest (>=6.2.5)", "pytest-cov (>=3.0.0)", "sphinx (>=7.0.0)", "twine (>=4.0.0)", "wheel (>=0.41.0)"]
dnssec = ["cryptography (>=41)"]
doh = ["h2 (>=4.1.0)", "httpcore (>=0.17.3)", "httpx (>=0.25.1)"]
doq = ["aioquic (>=0.9.20)"]
idna = ["idna (>=2.1)"]
trio = ["trio (>=0.14)"]
wmi = ["wmi (>=1.5.1)"]

[package.source]
type = "legacy"
url = "http://mirrors.aliyun.com/pypi/simple"
reference = "aliyun"

[[package]]
name = "gitdb"
version = "4.0.11"
description = "Git Object Database"
optional = false
python-versions = ">=3.7"
files = [
    {file = "gitdb-4.0.11-py3-none-any.whl", hash = "sha256:81a3407ddd2ee8df444cbacea00e2d038e40150acfa3001696fe0dcf1d3adfa4"},
    {file = "gitdb-4.0.11.tar.gz", hash = "sha256:bf5421126136d6d0af55bc1e7c1af1c397a34f5b7bd79e776cd3e89785c2b04b"},
]

[package.dependencies]
smmap = ">=3.0.1,<6"

[package.source]
type = "legacy"
url = "http://mirrors.aliyun.com/pypi/simple"
reference = "aliyun"

[[package]]
name = "gitpython"
version = "3.1.41"
description = "GitPython is a Python library used to interact with Git repositories"
optional = false
python-versions = ">=3.7"
files = [
    {file = "GitPython-3.1.41-py3-none-any.whl", hash = "sha256:c36b6634d069b3f719610175020a9aed919421c87552185b085e04fbbdb10b7c"},
    {file = "GitPython-3.1.41.tar.gz", hash = "sha256:ed66e624884f76df22c8e16066d567aaa5a37d5b5fa19db2c6df6f7156db9048"},
]

[package.dependencies]
gitdb = ">=4.0.1,<5"

[package.extras]
test = ["black", "coverage[toml]", "ddt (>=1.1.1,!=1.4.3)", "mock", "mypy", "pre-commit", "pytest (>=7.3.1)", "pytest-cov", "pytest-instafail", "pytest-mock", "pytest-sugar", "sumtypes"]

[package.source]
type = "legacy"
url = "http://mirrors.aliyun.com/pypi/simple"
reference = "aliyun"

[[package]]
name = "grpcio"
version = "1.60.1"
description = "HTTP/2-based RPC framework"
optional = false
python-versions = ">=3.7"
files = [
    {file = "grpcio-1.60.1-cp310-cp310-linux_armv7l.whl", hash = "sha256:14e8f2c84c0832773fb3958240c69def72357bc11392571f87b2d7b91e0bb092"},
    {file = "grpcio-1.60.1-cp310-cp310-macosx_12_0_universal2.whl", hash = "sha256:33aed0a431f5befeffd9d346b0fa44b2c01aa4aeae5ea5b2c03d3e25e0071216"},
    {file = "grpcio-1.60.1-cp310-cp310-manylinux_2_17_aarch64.whl", hash = "sha256:fead980fbc68512dfd4e0c7b1f5754c2a8e5015a04dea454b9cada54a8423525"},
    {file = "grpcio-1.60.1-cp310-cp310-manylinux_2_17_i686.manylinux2014_i686.whl", hash = "sha256:082081e6a36b6eb5cf0fd9a897fe777dbb3802176ffd08e3ec6567edd85bc104"},
    {file = "grpcio-1.60.1-cp310-cp310-manylinux_2_17_x86_64.manylinux2014_x86_64.whl", hash = "sha256:55ccb7db5a665079d68b5c7c86359ebd5ebf31a19bc1a91c982fd622f1e31ff2"},
    {file = "grpcio-1.60.1-cp310-cp310-musllinux_1_1_i686.whl", hash = "sha256:9b54577032d4f235452f77a83169b6527bf4b77d73aeada97d45b2aaf1bf5ce0"},
    {file = "grpcio-1.60.1-cp310-cp310-musllinux_1_1_x86_64.whl", hash = "sha256:7d142bcd604166417929b071cd396aa13c565749a4c840d6c702727a59d835eb"},
    {file = "grpcio-1.60.1-cp310-cp310-win32.whl", hash = "sha256:2a6087f234cb570008a6041c8ffd1b7d657b397fdd6d26e83d72283dae3527b1"},
    {file = "grpcio-1.60.1-cp310-cp310-win_amd64.whl", hash = "sha256:f2212796593ad1d0235068c79836861f2201fc7137a99aa2fea7beeb3b101177"},
    {file = "grpcio-1.60.1-cp311-cp311-linux_armv7l.whl", hash = "sha256:79ae0dc785504cb1e1788758c588c711f4e4a0195d70dff53db203c95a0bd303"},
    {file = "grpcio-1.60.1-cp311-cp311-macosx_10_10_universal2.whl", hash = "sha256:4eec8b8c1c2c9b7125508ff7c89d5701bf933c99d3910e446ed531cd16ad5d87"},
    {file = "grpcio-1.60.1-cp311-cp311-manylinux_2_17_aarch64.whl", hash = "sha256:8c9554ca8e26241dabe7951aa1fa03a1ba0856688ecd7e7bdbdd286ebc272e4c"},
    {file = "grpcio-1.60.1-cp311-cp311-manylinux_2_17_i686.manylinux2014_i686.whl", hash = "sha256:91422ba785a8e7a18725b1dc40fbd88f08a5bb4c7f1b3e8739cab24b04fa8a03"},
    {file = "grpcio-1.60.1-cp311-cp311-manylinux_2_17_x86_64.manylinux2014_x86_64.whl", hash = "sha256:cba6209c96828711cb7c8fcb45ecef8c8859238baf15119daa1bef0f6c84bfe7"},
    {file = "grpcio-1.60.1-cp311-cp311-musllinux_1_1_i686.whl", hash = "sha256:c71be3f86d67d8d1311c6076a4ba3b75ba5703c0b856b4e691c9097f9b1e8bd2"},
    {file = "grpcio-1.60.1-cp311-cp311-musllinux_1_1_x86_64.whl", hash = "sha256:af5ef6cfaf0d023c00002ba25d0751e5995fa0e4c9eec6cd263c30352662cbce"},
    {file = "grpcio-1.60.1-cp311-cp311-win32.whl", hash = "sha256:a09506eb48fa5493c58f946c46754ef22f3ec0df64f2b5149373ff31fb67f3dd"},
    {file = "grpcio-1.60.1-cp311-cp311-win_amd64.whl", hash = "sha256:49c9b6a510e3ed8df5f6f4f3c34d7fbf2d2cae048ee90a45cd7415abab72912c"},
    {file = "grpcio-1.60.1-cp312-cp312-linux_armv7l.whl", hash = "sha256:b58b855d0071575ea9c7bc0d84a06d2edfbfccec52e9657864386381a7ce1ae9"},
    {file = "grpcio-1.60.1-cp312-cp312-macosx_10_10_universal2.whl", hash = "sha256:a731ac5cffc34dac62053e0da90f0c0b8560396a19f69d9703e88240c8f05858"},
    {file = "grpcio-1.60.1-cp312-cp312-manylinux_2_17_aarch64.whl", hash = "sha256:cf77f8cf2a651fbd869fbdcb4a1931464189cd210abc4cfad357f1cacc8642a6"},
    {file = "grpcio-1.60.1-cp312-cp312-manylinux_2_17_i686.manylinux2014_i686.whl", hash = "sha256:c557e94e91a983e5b1e9c60076a8fd79fea1e7e06848eb2e48d0ccfb30f6e073"},
    {file = "grpcio-1.60.1-cp312-cp312-manylinux_2_17_x86_64.manylinux2014_x86_64.whl", hash = "sha256:069fe2aeee02dfd2135d562d0663fe70fbb69d5eed6eb3389042a7e963b54de8"},
    {file = "grpcio-1.60.1-cp312-cp312-musllinux_1_1_i686.whl", hash = "sha256:cb0af13433dbbd1c806e671d81ec75bd324af6ef75171fd7815ca3074fe32bfe"},
    {file = "grpcio-1.60.1-cp312-cp312-musllinux_1_1_x86_64.whl", hash = "sha256:2f44c32aef186bbba254129cea1df08a20be414144ac3bdf0e84b24e3f3b2e05"},
    {file = "grpcio-1.60.1-cp312-cp312-win32.whl", hash = "sha256:a212e5dea1a4182e40cd3e4067ee46be9d10418092ce3627475e995cca95de21"},
    {file = "grpcio-1.60.1-cp312-cp312-win_amd64.whl", hash = "sha256:6e490fa5f7f5326222cb9f0b78f207a2b218a14edf39602e083d5f617354306f"},
    {file = "grpcio-1.60.1-cp37-cp37m-linux_armv7l.whl", hash = "sha256:4216e67ad9a4769117433814956031cb300f85edc855252a645a9a724b3b6594"},
    {file = "grpcio-1.60.1-cp37-cp37m-macosx_10_10_universal2.whl", hash = "sha256:73e14acd3d4247169955fae8fb103a2b900cfad21d0c35f0dcd0fdd54cd60367"},
    {file = "grpcio-1.60.1-cp37-cp37m-manylinux_2_17_aarch64.whl", hash = "sha256:6ecf21d20d02d1733e9c820fb5c114c749d888704a7ec824b545c12e78734d1c"},
    {file = "grpcio-1.60.1-cp37-cp37m-manylinux_2_17_i686.manylinux2014_i686.whl", hash = "sha256:33bdea30dcfd4f87b045d404388469eb48a48c33a6195a043d116ed1b9a0196c"},
    {file = "grpcio-1.60.1-cp37-cp37m-manylinux_2_17_x86_64.manylinux2014_x86_64.whl", hash = "sha256:53b69e79d00f78c81eecfb38f4516080dc7f36a198b6b37b928f1c13b3c063e9"},
    {file = "grpcio-1.60.1-cp37-cp37m-musllinux_1_1_i686.whl", hash = "sha256:39aa848794b887120b1d35b1b994e445cc028ff602ef267f87c38122c1add50d"},
    {file = "grpcio-1.60.1-cp37-cp37m-musllinux_1_1_x86_64.whl", hash = "sha256:72153a0d2e425f45b884540a61c6639436ddafa1829a42056aa5764b84108b8e"},
    {file = "grpcio-1.60.1-cp37-cp37m-win_amd64.whl", hash = "sha256:50d56280b482875d1f9128ce596e59031a226a8b84bec88cb2bf76c289f5d0de"},
    {file = "grpcio-1.60.1-cp38-cp38-linux_armv7l.whl", hash = "sha256:6d140bdeb26cad8b93c1455fa00573c05592793c32053d6e0016ce05ba267549"},
    {file = "grpcio-1.60.1-cp38-cp38-macosx_10_10_universal2.whl", hash = "sha256:bc808924470643b82b14fe121923c30ec211d8c693e747eba8a7414bc4351a23"},
    {file = "grpcio-1.60.1-cp38-cp38-manylinux_2_17_aarch64.whl", hash = "sha256:70c83bb530572917be20c21f3b6be92cd86b9aecb44b0c18b1d3b2cc3ae47df0"},
    {file = "grpcio-1.60.1-cp38-cp38-manylinux_2_17_i686.manylinux2014_i686.whl", hash = "sha256:9b106bc52e7f28170e624ba61cc7dc6829566e535a6ec68528f8e1afbed1c41f"},
    {file = "grpcio-1.60.1-cp38-cp38-manylinux_2_17_x86_64.manylinux2014_x86_64.whl", hash = "sha256:30e980cd6db1088c144b92fe376747328d5554bc7960ce583ec7b7d81cd47287"},
    {file = "grpcio-1.60.1-cp38-cp38-musllinux_1_1_i686.whl", hash = "sha256:0c5807e9152eff15f1d48f6b9ad3749196f79a4a050469d99eecb679be592acc"},
    {file = "grpcio-1.60.1-cp38-cp38-musllinux_1_1_x86_64.whl", hash = "sha256:f1c3dc536b3ee124e8b24feb7533e5c70b9f2ef833e3b2e5513b2897fd46763a"},
    {file = "grpcio-1.60.1-cp38-cp38-win32.whl", hash = "sha256:d7404cebcdb11bb5bd40bf94131faf7e9a7c10a6c60358580fe83913f360f929"},
    {file = "grpcio-1.60.1-cp38-cp38-win_amd64.whl", hash = "sha256:c8754c75f55781515a3005063d9a05878b2cfb3cb7e41d5401ad0cf19de14872"},
    {file = "grpcio-1.60.1-cp39-cp39-linux_armv7l.whl", hash = "sha256:0250a7a70b14000fa311de04b169cc7480be6c1a769b190769d347939d3232a8"},
    {file = "grpcio-1.60.1-cp39-cp39-macosx_10_10_universal2.whl", hash = "sha256:660fc6b9c2a9ea3bb2a7e64ba878c98339abaf1811edca904ac85e9e662f1d73"},
    {file = "grpcio-1.60.1-cp39-cp39-manylinux_2_17_aarch64.whl", hash = "sha256:76eaaba891083fcbe167aa0f03363311a9f12da975b025d30e94b93ac7a765fc"},
    {file = "grpcio-1.60.1-cp39-cp39-manylinux_2_17_i686.manylinux2014_i686.whl", hash = "sha256:e5d97c65ea7e097056f3d1ead77040ebc236feaf7f71489383d20f3b4c28412a"},
    {file = "grpcio-1.60.1-cp39-cp39-manylinux_2_17_x86_64.manylinux2014_x86_64.whl", hash = "sha256:2bb2a2911b028f01c8c64d126f6b632fcd8a9ac975aa1b3855766c94e4107180"},
    {file = "grpcio-1.60.1-cp39-cp39-musllinux_1_1_i686.whl", hash = "sha256:5a1ebbae7e2214f51b1f23b57bf98eeed2cf1ba84e4d523c48c36d5b2f8829ff"},
    {file = "grpcio-1.60.1-cp39-cp39-musllinux_1_1_x86_64.whl", hash = "sha256:9a66f4d2a005bc78e61d805ed95dedfcb35efa84b7bba0403c6d60d13a3de2d6"},
    {file = "grpcio-1.60.1-cp39-cp39-win32.whl", hash = "sha256:8d488fbdbf04283f0d20742b64968d44825617aa6717b07c006168ed16488804"},
    {file = "grpcio-1.60.1-cp39-cp39-win_amd64.whl", hash = "sha256:61b7199cd2a55e62e45bfb629a35b71fc2c0cb88f686a047f25b1112d3810904"},
    {file = "grpcio-1.60.1.tar.gz", hash = "sha256:dd1d3a8d1d2e50ad9b59e10aa7f07c7d1be2b367f3f2d33c5fade96ed5460962"},
]

[package.extras]
protobuf = ["grpcio-tools (>=1.60.1)"]

[package.source]
type = "legacy"
url = "http://mirrors.aliyun.com/pypi/simple"
reference = "aliyun"

[[package]]
name = "grpcio-tools"
version = "1.60.1"
description = "Protobuf code generator for gRPC"
optional = false
python-versions = ">=3.7"
files = [
    {file = "grpcio-tools-1.60.1.tar.gz", hash = "sha256:da08224ab8675c6d464b988bd8ca02cccd2bf0275bceefe8f6219bfd4a4f5e85"},
    {file = "grpcio_tools-1.60.1-cp310-cp310-linux_armv7l.whl", hash = "sha256:184b27333b627a7cc0972fb70d21a8bb7c02ac4a6febc16768d78ea8ff883ddd"},
    {file = "grpcio_tools-1.60.1-cp310-cp310-macosx_12_0_universal2.whl", hash = "sha256:18d7737f29ef5bbe3352547d0eccd080807834f00df223867dfc860bf81e9180"},
    {file = "grpcio_tools-1.60.1-cp310-cp310-manylinux_2_17_aarch64.whl", hash = "sha256:cc8ba358d2c658c6ecbc58e779bf0fc5a673fecac015a70db27fc5b4d37b76b6"},
    {file = "grpcio_tools-1.60.1-cp310-cp310-manylinux_2_17_i686.manylinux2014_i686.whl", hash = "sha256:2973f75e8ba5c551033a1d59cc97654f6f386deaf2559082011d245d7ed87bba"},
    {file = "grpcio_tools-1.60.1-cp310-cp310-manylinux_2_17_x86_64.manylinux2014_x86_64.whl", hash = "sha256:28ae665113affebdd109247386786e5ab4dccfcfad1b5f68e9cce2e326b57ee6"},
    {file = "grpcio_tools-1.60.1-cp310-cp310-musllinux_1_1_i686.whl", hash = "sha256:5c7ed086fef5ff59f46d53a052b1934b73e0f7d12365d656d6af3a88057d5a3e"},
    {file = "grpcio_tools-1.60.1-cp310-cp310-musllinux_1_1_x86_64.whl", hash = "sha256:8540f6480428a52614db71dd6394f52cbc0d2565b5ea1136a982f26390a42c7a"},
    {file = "grpcio_tools-1.60.1-cp310-cp310-win32.whl", hash = "sha256:5b4a939097005531edec331f22d0b82bff26e71ede009354d2f375b5d41e74f0"},
    {file = "grpcio_tools-1.60.1-cp310-cp310-win_amd64.whl", hash = "sha256:075bb67895970f96aabc1761ca674bf4db193f8fcad387f08e50402023b5f953"},
    {file = "grpcio_tools-1.60.1-cp311-cp311-linux_armv7l.whl", hash = "sha256:284749d20fb22418f17d3d351b9eb838caf4a0393a9cb02c36e5c32fa4bbe9db"},
    {file = "grpcio_tools-1.60.1-cp311-cp311-macosx_10_10_universal2.whl", hash = "sha256:b1041377cf32ee2338284ee26e6b9c10f9ea7728092376b19803dcb9b91d510d"},
    {file = "grpcio_tools-1.60.1-cp311-cp311-manylinux_2_17_aarch64.whl", hash = "sha256:e529cd3d4109a6f4a3f7bdaca68946eb33734e2d7ffe861785a0586abe99ee67"},
    {file = "grpcio_tools-1.60.1-cp311-cp311-manylinux_2_17_i686.manylinux2014_i686.whl", hash = "sha256:31294b534f25f02ead204e58dcbe0e5437a95a1a6f276bb9378905595b02ff6d"},
    {file = "grpcio_tools-1.60.1-cp311-cp311-manylinux_2_17_x86_64.manylinux2014_x86_64.whl", hash = "sha256:3fb6f4d2df0388c35c2804ba170f511238a681b679ead013bfe5e39d0ea9cf48"},
    {file = "grpcio_tools-1.60.1-cp311-cp311-musllinux_1_1_i686.whl", hash = "sha256:40cd8268a675269ce59c4fa50877597ec638bb1099c52237bb726c8ac9791868"},
    {file = "grpcio_tools-1.60.1-cp311-cp311-musllinux_1_1_x86_64.whl", hash = "sha256:985ac476da365267a2367ab20060f9096fbfc2e190fb02dd394f9ec05edf03ca"},
    {file = "grpcio_tools-1.60.1-cp311-cp311-win32.whl", hash = "sha256:bd85f6c368b93ae45edf8568473053cb1cc075ef3489efb18f9832d4ecce062f"},
    {file = "grpcio_tools-1.60.1-cp311-cp311-win_amd64.whl", hash = "sha256:c20e752ff5057758845f4e5c7a298739bfba291f373ed18ea9c7c7acbe69e8ab"},
    {file = "grpcio_tools-1.60.1-cp312-cp312-linux_armv7l.whl", hash = "sha256:aafc94616c5f89c891d859057b194a153c451f9921053454e9d7d4cbf79047eb"},
    {file = "grpcio_tools-1.60.1-cp312-cp312-macosx_10_10_universal2.whl", hash = "sha256:9bba347000f57dae8aea79c0d76ef7d72895597524d30d0170c7d1974a3a03f3"},
    {file = "grpcio_tools-1.60.1-cp312-cp312-manylinux_2_17_aarch64.whl", hash = "sha256:1e96a532d38411f0543fe1903ff522f7142a9901afb0ed94de58d79caf1905be"},
    {file = "grpcio_tools-1.60.1-cp312-cp312-manylinux_2_17_i686.manylinux2014_i686.whl", hash = "sha256:5ea6e397d87f458bb2c387a4a6e1b65df74ce5b5194a1f16850c38309012e981"},
    {file = "grpcio_tools-1.60.1-cp312-cp312-manylinux_2_17_x86_64.manylinux2014_x86_64.whl", hash = "sha256:3aeecd5b8faa2aab67e6c8b8a57e888c00ce70d39f331ede0a21312e92def1a6"},
    {file = "grpcio_tools-1.60.1-cp312-cp312-musllinux_1_1_i686.whl", hash = "sha256:d2c26ce5f774c98bd2d3d8d1703048394018b55d297ebdb41ed2ba35b9a34f68"},
    {file = "grpcio_tools-1.60.1-cp312-cp312-musllinux_1_1_x86_64.whl", hash = "sha256:214281cdafb7acfdcde848eca2de7c888a6e2b5cd25ab579712b965ea09a9cd4"},
    {file = "grpcio_tools-1.60.1-cp312-cp312-win32.whl", hash = "sha256:8c4b917aa4fcdc77990773063f0f14540aab8d4a8bf6c862b964a45d891a31d2"},
    {file = "grpcio_tools-1.60.1-cp312-cp312-win_amd64.whl", hash = "sha256:0aa34c7c21cff2177a4096b2b0d51dfbc9f8a41f929847a434e89b352c5a215d"},
    {file = "grpcio_tools-1.60.1-cp37-cp37m-linux_armv7l.whl", hash = "sha256:acdba77584981fe799104aa545d9d97910bcf88c69b668b768c1f3e7d7e5afac"},
    {file = "grpcio_tools-1.60.1-cp37-cp37m-macosx_10_10_universal2.whl", hash = "sha256:2a7fa55bc62d4b8ebe6fb26f8cf89df3cf3b504eb6c5f3a2f0174689d35fddb0"},
    {file = "grpcio_tools-1.60.1-cp37-cp37m-manylinux_2_17_aarch64.whl", hash = "sha256:dffa326cf901fe08a0e218d9fdf593f12276088a8caa07fcbec7d051149cf9ef"},
    {file = "grpcio_tools-1.60.1-cp37-cp37m-manylinux_2_17_i686.manylinux2014_i686.whl", hash = "sha256:cf945bd22f396c0d0c691e0990db2bfc4e77816b1edc2aea8a69c35ae721aac9"},
    {file = "grpcio_tools-1.60.1-cp37-cp37m-manylinux_2_17_x86_64.manylinux2014_x86_64.whl", hash = "sha256:6801cfc5a85f0fb6fd12cade45942aaa1c814422328d594d12d364815fe34123"},
    {file = "grpcio_tools-1.60.1-cp37-cp37m-musllinux_1_1_i686.whl", hash = "sha256:f95bdc6c7c50b7fc442e53537bc5b4eb8cab2a671c1da80d40b5a4ab1fd5d416"},
    {file = "grpcio_tools-1.60.1-cp37-cp37m-musllinux_1_1_x86_64.whl", hash = "sha256:402efeec36d8b12b792bae8a900085416fc2f57a34b599445ace2e847b6b0d75"},
    {file = "grpcio_tools-1.60.1-cp37-cp37m-win_amd64.whl", hash = "sha256:af88a2062b9c35034a80b25f289034b9c3c00c42bb88efaa465503a06fbd6a87"},
    {file = "grpcio_tools-1.60.1-cp38-cp38-linux_armv7l.whl", hash = "sha256:46b495bae31c5d3f6ac0240eb848f0642b5410f80dff2aacdea20cdea3938c1d"},
    {file = "grpcio_tools-1.60.1-cp38-cp38-macosx_10_10_universal2.whl", hash = "sha256:b5ae375207af9aa82f516dcd513d2e0c83690b7788d45844daad846ed87550f8"},
    {file = "grpcio_tools-1.60.1-cp38-cp38-manylinux_2_17_aarch64.whl", hash = "sha256:15f13e8f3d77b96adcb1e3615acec5b100bd836c6010c58a51465bcb9c06d128"},
    {file = "grpcio_tools-1.60.1-cp38-cp38-manylinux_2_17_i686.manylinux2014_i686.whl", hash = "sha256:c354505e6a3d170da374f20404ea6a78135502df4f5534e5c532bdf24c4cc2a5"},
    {file = "grpcio_tools-1.60.1-cp38-cp38-manylinux_2_17_x86_64.manylinux2014_x86_64.whl", hash = "sha256:a8cfab27ba2bd36a3e3b522aed686133531e8b919703d0247a0885dae8815317"},
    {file = "grpcio_tools-1.60.1-cp38-cp38-musllinux_1_1_i686.whl", hash = "sha256:b6ef213cb0aecb2832ee82a2eac32f29f31f50b17ce020604d82205096a6bd0c"},
    {file = "grpcio_tools-1.60.1-cp38-cp38-musllinux_1_1_x86_64.whl", hash = "sha256:0b62cb2d43a7f0eacc6a6962dfff7c2564874012e1a72ae4167e762f449e2912"},
    {file = "grpcio_tools-1.60.1-cp38-cp38-win32.whl", hash = "sha256:3fcabf484720a9fa1690e2825fc940027a05a0c79a1075a730008ef634bd8ad2"},
    {file = "grpcio_tools-1.60.1-cp38-cp38-win_amd64.whl", hash = "sha256:22ce3e3d861321d208d8bfd6161ab976623520b179712c90b2c175151463a6b1"},
    {file = "grpcio_tools-1.60.1-cp39-cp39-linux_armv7l.whl", hash = "sha256:4e66fe204da15e08e599adb3060109a42927c0868fe8933e2d341ea649eceb03"},
    {file = "grpcio_tools-1.60.1-cp39-cp39-macosx_10_10_universal2.whl", hash = "sha256:c1047bd831de5d9da761e9dc246988d5f07d722186938dfd5f34807398101010"},
    {file = "grpcio_tools-1.60.1-cp39-cp39-manylinux_2_17_aarch64.whl", hash = "sha256:eba5fafd70585fbd4cb6ae45e3c5e11d8598e2426c9f289b78f682c0606e81cb"},
    {file = "grpcio_tools-1.60.1-cp39-cp39-manylinux_2_17_i686.manylinux2014_i686.whl", hash = "sha256:bba7230c60238c7a4ffa29f1aff6d78edb41f2c79cbe4443406472b1c80ccb5d"},
    {file = "grpcio_tools-1.60.1-cp39-cp39-manylinux_2_17_x86_64.manylinux2014_x86_64.whl", hash = "sha256:a2bb8efc2cd64bd8f2779b426dd7e94e60924078ba5150cbbb60a846e62d1ed2"},
    {file = "grpcio_tools-1.60.1-cp39-cp39-musllinux_1_1_i686.whl", hash = "sha256:26f91161a91f1601777751230eaaafdf416fed08a15c3ba2ae391088e4a906c6"},
    {file = "grpcio_tools-1.60.1-cp39-cp39-musllinux_1_1_x86_64.whl", hash = "sha256:2c19be2bba5583e30f88bb5d71b430176c396f0d6d0db3785e5845bfa3d28cd2"},
    {file = "grpcio_tools-1.60.1-cp39-cp39-win32.whl", hash = "sha256:9aadc9c00baa2064baa4414cff7c269455449f14805a355226674d89c507342c"},
    {file = "grpcio_tools-1.60.1-cp39-cp39-win_amd64.whl", hash = "sha256:652b08c9fef39186ce4f97f05f5440c0ed41f117db0f7d6cb0e0d75dbc6afd3f"},
]

[package.dependencies]
grpcio = ">=1.60.1"
protobuf = ">=4.21.6,<5.0dev"
setuptools = "*"

[package.source]
type = "legacy"
url = "http://mirrors.aliyun.com/pypi/simple"
reference = "aliyun"

[[package]]
name = "protobuf"
version = "4.25.2"
description = ""
optional = false
python-versions = ">=3.8"
files = [
    {file = "protobuf-4.25.2-cp310-abi3-win32.whl", hash = "sha256:b50c949608682b12efb0b2717f53256f03636af5f60ac0c1d900df6213910fd6"},
    {file = "protobuf-4.25.2-cp310-abi3-win_amd64.whl", hash = "sha256:8f62574857ee1de9f770baf04dde4165e30b15ad97ba03ceac65f760ff018ac9"},
    {file = "protobuf-4.25.2-cp37-abi3-macosx_10_9_universal2.whl", hash = "sha256:2db9f8fa64fbdcdc93767d3cf81e0f2aef176284071507e3ede160811502fd3d"},
    {file = "protobuf-4.25.2-cp37-abi3-manylinux2014_aarch64.whl", hash = "sha256:10894a2885b7175d3984f2be8d9850712c57d5e7587a2410720af8be56cdaf62"},
    {file = "protobuf-4.25.2-cp37-abi3-manylinux2014_x86_64.whl", hash = "sha256:fc381d1dd0516343f1440019cedf08a7405f791cd49eef4ae1ea06520bc1c020"},
    {file = "protobuf-4.25.2-cp38-cp38-win32.whl", hash = "sha256:33a1aeef4b1927431d1be780e87b641e322b88d654203a9e9d93f218ee359e61"},
    {file = "protobuf-4.25.2-cp38-cp38-win_amd64.whl", hash = "sha256:47f3de503fe7c1245f6f03bea7e8d3ec11c6c4a2ea9ef910e3221c8a15516d62"},
    {file = "protobuf-4.25.2-cp39-cp39-win32.whl", hash = "sha256:5e5c933b4c30a988b52e0b7c02641760a5ba046edc5e43d3b94a74c9fc57c1b3"},
    {file = "protobuf-4.25.2-cp39-cp39-win_amd64.whl", hash = "sha256:d66a769b8d687df9024f2985d5137a337f957a0916cf5464d1513eee96a63ff0"},
    {file = "protobuf-4.25.2-py3-none-any.whl", hash = "sha256:a8b7a98d4ce823303145bf3c1a8bdb0f2f4642a414b196f04ad9853ed0c8f830"},
    {file = "protobuf-4.25.2.tar.gz", hash = "sha256:fe599e175cb347efc8ee524bcd4b902d11f7262c0e569ececcb89995c15f0a5e"},
]

[package.source]
type = "legacy"
url = "http://mirrors.aliyun.com/pypi/simple"
reference = "aliyun"

[[package]]
name = "pymongo"
version = "4.6.1"
description = "Python driver for MongoDB <http://www.mongodb.org>"
optional = false
python-versions = ">=3.7"
files = [
    {file = "pymongo-4.6.1-cp310-cp310-macosx_10_9_universal2.whl", hash = "sha256:4344c30025210b9fa80ec257b0e0aab5aa1d5cca91daa70d82ab97b482cc038e"},
    {file = "pymongo-4.6.1-cp310-cp310-manylinux1_i686.whl", hash = "sha256:1c5654bb8bb2bdb10e7a0bc3c193dd8b49a960b9eebc4381ff5a2043f4c3c441"},
    {file = "pymongo-4.6.1-cp310-cp310-manylinux2014_aarch64.whl", hash = "sha256:eaf2f65190c506def2581219572b9c70b8250615dc918b3b7c218361a51ec42e"},
    {file = "pymongo-4.6.1-cp310-cp310-manylinux2014_i686.whl", hash = "sha256:262356ea5fcb13d35fb2ab6009d3927bafb9504ef02339338634fffd8a9f1ae4"},
    {file = "pymongo-4.6.1-cp310-cp310-manylinux2014_ppc64le.whl", hash = "sha256:2dd2f6960ee3c9360bed7fb3c678be0ca2d00f877068556785ec2eb6b73d2414"},
    {file = "pymongo-4.6.1-cp310-cp310-manylinux2014_s390x.whl", hash = "sha256:ff925f1cca42e933376d09ddc254598f8c5fcd36efc5cac0118bb36c36217c41"},
    {file = "pymongo-4.6.1-cp310-cp310-manylinux2014_x86_64.whl", hash = "sha256:3cadf7f4c8e94d8a77874b54a63c80af01f4d48c4b669c8b6867f86a07ba994f"},
    {file = "pymongo-4.6.1-cp310-cp310-manylinux_2_17_aarch64.manylinux2014_aarch64.whl", hash = "sha256:55dac73316e7e8c2616ba2e6f62b750918e9e0ae0b2053699d66ca27a7790105"},
    {file = "pymongo-4.6.1-cp310-cp310-manylinux_2_17_ppc64le.manylinux2014_ppc64le.whl", hash = "sha256:154b361dcb358ad377d5d40df41ee35f1cc14c8691b50511547c12404f89b5cb"},
    {file = "pymongo-4.6.1-cp310-cp310-manylinux_2_17_s390x.manylinux2014_s390x.whl", hash = "sha256:2940aa20e9cc328e8ddeacea8b9a6f5ddafe0b087fedad928912e787c65b4909"},
    {file = "pymongo-4.6.1-cp310-cp310-manylinux_2_17_x86_64.manylinux2014_x86_64.whl", hash = "sha256:010bc9aa90fd06e5cc52c8fac2c2fd4ef1b5f990d9638548dde178005770a5e8"},
    {file = "pymongo-4.6.1-cp310-cp310-manylinux_2_5_i686.manylinux1_i686.manylinux_2_17_i686.manylinux2014_i686.whl", hash = "sha256:e470fa4bace5f50076c32f4b3cc182b31303b4fefb9b87f990144515d572820b"},
    {file = "pymongo-4.6.1-cp310-cp310-win32.whl", hash = "sha256:da08ea09eefa6b960c2dd9a68ec47949235485c623621eb1d6c02b46765322ac"},
    {file = "pymongo-4.6.1-cp310-cp310-win_amd64.whl", hash = "sha256:13d613c866f9f07d51180f9a7da54ef491d130f169e999c27e7633abe8619ec9"},
    {file = "pymongo-4.6.1-cp311-cp311-macosx_10_9_universal2.whl", hash = "sha256:6a0ae7a48a6ef82ceb98a366948874834b86c84e288dbd55600c1abfc3ac1d88"},
    {file = "pymongo-4.6.1-cp311-cp311-manylinux_2_17_aarch64.manylinux2014_aarch64.whl", hash = "sha256:5bd94c503271e79917b27c6e77f7c5474da6930b3fb9e70a12e68c2dff386b9a"},
    {file = "pymongo-4.6.1-cp311-cp311-manylinux_2_17_ppc64le.manylinux2014_ppc64le.whl", hash = "sha256:2d4ccac3053b84a09251da8f5350bb684cbbf8c8c01eda6b5418417d0a8ab198"},
    {file = "pymongo-4.6.1-cp311-cp311-manylinux_2_17_s390x.manylinux2014_s390x.whl", hash = "sha256:349093675a2d3759e4fb42b596afffa2b2518c890492563d7905fac503b20daa"},
    {file = "pymongo-4.6.1-cp311-cp311-manylinux_2_17_x86_64.manylinux2014_x86_64.whl", hash = "sha256:88beb444fb438385e53dc9110852910ec2a22f0eab7dd489e827038fdc19ed8d"},
    {file = "pymongo-4.6.1-cp311-cp311-manylinux_2_5_i686.manylinux1_i686.manylinux_2_17_i686.manylinux2014_i686.whl", hash = "sha256:d8e62d06e90f60ea2a3d463ae51401475568b995bafaffd81767d208d84d7bb1"},
    {file = "pymongo-4.6.1-cp311-cp311-win32.whl", hash = "sha256:5556e306713e2522e460287615d26c0af0fe5ed9d4f431dad35c6624c5d277e9"},
    {file = "pymongo-4.6.1-cp311-cp311-win_amd64.whl", hash = "sha256:b10d8cda9fc2fcdcfa4a000aa10413a2bf8b575852cd07cb8a595ed09689ca98"},
    {file = "pymongo-4.6.1-cp312-cp312-macosx_10_9_universal2.whl", hash = "sha256:b435b13bb8e36be11b75f7384a34eefe487fe87a6267172964628e2b14ecf0a7"},
    {file = "pymongo-4.6.1-cp312-cp312-manylinux_2_17_aarch64.manylinux2014_aarch64.whl", hash = "sha256:e438417ce1dc5b758742e12661d800482200b042d03512a8f31f6aaa9137ad40"},
    {file = "pymongo-4.6.1-cp312-cp312-manylinux_2_17_ppc64le.manylinux2014_ppc64le.whl", hash = "sha256:8b47ebd89e69fbf33d1c2df79759d7162fc80c7652dacfec136dae1c9b3afac7"},
    {file = "pymongo-4.6.1-cp312-cp312-manylinux_2_17_s390x.manylinux2014_s390x.whl", hash = "sha256:bbed8cccebe1169d45cedf00461b2842652d476d2897fd1c42cf41b635d88746"},
    {file = "pymongo-4.6.1-cp312-cp312-manylinux_2_17_x86_64.manylinux2014_x86_64.whl", hash = "sha256:c30a9e06041fbd7a7590693ec5e407aa8737ad91912a1e70176aff92e5c99d20"},
    {file = "pymongo-4.6.1-cp312-cp312-manylinux_2_5_i686.manylinux1_i686.manylinux_2_17_i686.manylinux2014_i686.whl", hash = "sha256:b8729dbf25eb32ad0dc0b9bd5e6a0d0b7e5c2dc8ec06ad171088e1896b522a74"},
    {file = "pymongo-4.6.1-cp312-cp312-win32.whl", hash = "sha256:3177f783ae7e08aaf7b2802e0df4e4b13903520e8380915e6337cdc7a6ff01d8"},
    {file = "pymongo-4.6.1-cp312-cp312-win_amd64.whl", hash = "sha256:00c199e1c593e2c8b033136d7a08f0c376452bac8a896c923fcd6f419e07bdd2"},
    {file = "pymongo-4.6.1-cp37-cp37m-macosx_10_9_x86_64.whl", hash = "sha256:6dcc95f4bb9ed793714b43f4f23a7b0c57e4ef47414162297d6f650213512c19"},
    {file = "pymongo-4.6.1-cp37-cp37m-manylinux1_i686.whl", hash = "sha256:13552ca505366df74e3e2f0a4f27c363928f3dff0eef9f281eb81af7f29bc3c5"},
    {file = "pymongo-4.6.1-cp37-cp37m-manylinux1_x86_64.whl", hash = "sha256:77e0df59b1a4994ad30c6d746992ae887f9756a43fc25dec2db515d94cf0222d"},
    {file = "pymongo-4.6.1-cp37-cp37m-manylinux2014_aarch64.whl", hash = "sha256:3a7f02a58a0c2912734105e05dedbee4f7507e6f1bd132ebad520be0b11d46fd"},
    {file = "pymongo-4.6.1-cp37-cp37m-manylinux2014_i686.whl", hash = "sha256:026a24a36394dc8930cbcb1d19d5eb35205ef3c838a7e619e04bd170713972e7"},
    {file = "pymongo-4.6.1-cp37-cp37m-manylinux2014_ppc64le.whl", hash = "sha256:3b287e814a01deddb59b88549c1e0c87cefacd798d4afc0c8bd6042d1c3d48aa"},
    {file = "pymongo-4.6.1-cp37-cp37m-manylinux2014_s390x.whl", hash = "sha256:9a710c184ba845afb05a6f876edac8f27783ba70e52d5eaf939f121fc13b2f59"},
    {file = "pymongo-4.6.1-cp37-cp37m-manylinux2014_x86_64.whl", hash = "sha256:30b2c9caf3e55c2e323565d1f3b7e7881ab87db16997dc0cbca7c52885ed2347"},
    {file = "pymongo-4.6.1-cp37-cp37m-manylinux_2_17_aarch64.manylinux2014_aarch64.whl", hash = "sha256:ff62ba8ff70f01ab4fe0ae36b2cb0b5d1f42e73dfc81ddf0758cd9f77331ad25"},
    {file = "pymongo-4.6.1-cp37-cp37m-manylinux_2_17_ppc64le.manylinux2014_ppc64le.whl", hash = "sha256:547dc5d7f834b1deefda51aedb11a7af9c51c45e689e44e14aa85d44147c7657"},
    {file = "pymongo-4.6.1-cp37-cp37m-manylinux_2_17_s390x.manylinux2014_s390x.whl", hash = "sha256:1de3c6faf948f3edd4e738abdb4b76572b4f4fdfc1fed4dad02427e70c5a6219"},
    {file = "pymongo-4.6.1-cp37-cp37m-manylinux_2_17_x86_64.manylinux2014_x86_64.whl", hash = "sha256:a2831e05ce0a4df10c4ac5399ef50b9a621f90894c2a4d2945dc5658765514ed"},
    {file = "pymongo-4.6.1-cp37-cp37m-manylinux_2_5_i686.manylinux1_i686.manylinux_2_17_i686.manylinux2014_i686.whl", hash = "sha256:144a31391a39a390efce0c5ebcaf4bf112114af4384c90163f402cec5ede476b"},
    {file = "pymongo-4.6.1-cp37-cp37m-manylinux_2_5_i686.manylinux1_i686.whl", hash = "sha256:33bb16a07d3cc4e0aea37b242097cd5f7a156312012455c2fa8ca396953b11c4"},
    {file = "pymongo-4.6.1-cp37-cp37m-manylinux_2_5_x86_64.manylinux1_x86_64.whl", hash = "sha256:b7b1a83ce514700276a46af3d9e481ec381f05b64939effc9065afe18456a6b9"},
    {file = "pymongo-4.6.1-cp37-cp37m-win32.whl", hash = "sha256:3071ec998cc3d7b4944377e5f1217c2c44b811fae16f9a495c7a1ce9b42fb038"},
    {file = "pymongo-4.6.1-cp37-cp37m-win_amd64.whl", hash = "sha256:2346450a075625c4d6166b40a013b605a38b6b6168ce2232b192a37fb200d588"},
    {file = "pymongo-4.6.1-cp38-cp38-macosx_11_0_universal2.whl", hash = "sha256:061598cbc6abe2f382ab64c9caa83faa2f4c51256f732cdd890bcc6e63bfb67e"},
    {file = "pymongo-4.6.1-cp38-cp38-manylinux1_i686.whl", hash = "sha256:d483793a384c550c2d12cb794ede294d303b42beff75f3b3081f57196660edaf"},
    {file = "pymongo-4.6.1-cp38-cp38-manylinux1_x86_64.whl", hash = "sha256:f9756f1d25454ba6a3c2f1ef8b7ddec23e5cdeae3dc3c3377243ae37a383db00"},
    {file = "pymongo-4.6.1-cp38-cp38-manylinux2014_aarch64.whl", hash = "sha256:1ed23b0e2dac6f84f44c8494fbceefe6eb5c35db5c1099f56ab78fc0d94ab3af"},
    {file = "pymongo-4.6.1-cp38-cp38-manylinux2014_i686.whl", hash = "sha256:3d18a9b9b858ee140c15c5bfcb3e66e47e2a70a03272c2e72adda2482f76a6ad"},
    {file = "pymongo-4.6.1-cp38-cp38-manylinux2014_ppc64le.whl", hash = "sha256:c258dbacfff1224f13576147df16ce3c02024a0d792fd0323ac01bed5d3c545d"},
    {file = "pymongo-4.6.1-cp38-cp38-manylinux2014_s390x.whl", hash = "sha256:f7acc03a4f1154ba2643edeb13658d08598fe6e490c3dd96a241b94f09801626"},
    {file = "pymongo-4.6.1-cp38-cp38-manylinux2014_x86_64.whl", hash = "sha256:76013fef1c9cd1cd00d55efde516c154aa169f2bf059b197c263a255ba8a9ddf"},
    {file = "pymongo-4.6.1-cp38-cp38-manylinux_2_17_aarch64.manylinux2014_aarch64.whl", hash = "sha256:3f0e6a6c807fa887a0c51cc24fe7ea51bb9e496fe88f00d7930063372c3664c3"},
    {file = "pymongo-4.6.1-cp38-cp38-manylinux_2_17_ppc64le.manylinux2014_ppc64le.whl", hash = "sha256:dd1fa413f8b9ba30140de198e4f408ffbba6396864c7554e0867aa7363eb58b2"},
    {file = "pymongo-4.6.1-cp38-cp38-manylinux_2_17_s390x.manylinux2014_s390x.whl", hash = "sha256:8d219b4508f71d762368caec1fc180960569766049bbc4d38174f05e8ef2fe5b"},
    {file = "pymongo-4.6.1-cp38-cp38-manylinux_2_17_x86_64.manylinux2014_x86_64.whl", hash = "sha256:27b81ecf18031998ad7db53b960d1347f8f29e8b7cb5ea7b4394726468e4295e"},
    {file = "pymongo-4.6.1-cp38-cp38-manylinux_2_5_i686.manylinux1_i686.manylinux_2_17_i686.manylinux2014_i686.whl", hash = "sha256:56816e43c92c2fa8c11dc2a686f0ca248bea7902f4a067fa6cbc77853b0f041e"},
    {file = "pymongo-4.6.1-cp38-cp38-manylinux_2_5_i686.manylinux1_i686.whl", hash = "sha256:ef801027629c5b511cf2ba13b9be29bfee36ae834b2d95d9877818479cdc99ea"},
    {file = "pymongo-4.6.1-cp38-cp38-manylinux_2_5_x86_64.manylinux1_x86_64.whl", hash = "sha256:d4c2be9760b112b1caf649b4977b81b69893d75aa86caf4f0f398447be871f3c"},
    {file = "pymongo-4.6.1-cp38-cp38-win32.whl", hash = "sha256:39d77d8bbb392fa443831e6d4ae534237b1f4eee6aa186f0cdb4e334ba89536e"},
    {file = "pymongo-4.6.1-cp38-cp38-win_amd64.whl", hash = "sha256:4497d49d785482cc1a44a0ddf8830b036a468c088e72a05217f5b60a9e025012"},
    {file = "pymongo-4.6.1-cp39-cp39-macosx_10_9_universal2.whl", hash = "sha256:69247f7a2835fc0984bbf0892e6022e9a36aec70e187fcfe6cae6a373eb8c4de"},
    {file = "pymongo-4.6.1-cp39-cp39-manylinux1_i686.whl", hash = "sha256:7bb0e9049e81def6829d09558ad12d16d0454c26cabe6efc3658e544460688d9"},
    {file = "pymongo-4.6.1-cp39-cp39-manylinux1_x86_64.whl", hash = "sha256:6a1810c2cbde714decf40f811d1edc0dae45506eb37298fd9d4247b8801509fe"},
    {file = "pymongo-4.6.1-cp39-cp39-manylinux2014_aarch64.whl", hash = "sha256:e2aced6fb2f5261b47d267cb40060b73b6527e64afe54f6497844c9affed5fd0"},
    {file = "pymongo-4.6.1-cp39-cp39-manylinux2014_i686.whl", hash = "sha256:d0355cff58a4ed6d5e5f6b9c3693f52de0784aa0c17119394e2a8e376ce489d4"},
    {file = "pymongo-4.6.1-cp39-cp39-manylinux2014_ppc64le.whl", hash = "sha256:3c74f4725485f0a7a3862cfd374cc1b740cebe4c133e0c1425984bcdcce0f4bb"},
    {file = "pymongo-4.6.1-cp39-cp39-manylinux2014_s390x.whl", hash = "sha256:9c79d597fb3a7c93d7c26924db7497eba06d58f88f58e586aa69b2ad89fee0f8"},
    {file = "pymongo-4.6.1-cp39-cp39-manylinux2014_x86_64.whl", hash = "sha256:8ec75f35f62571a43e31e7bd11749d974c1b5cd5ea4a8388725d579263c0fdf6"},
    {file = "pymongo-4.6.1-cp39-cp39-manylinux_2_17_aarch64.manylinux2014_aarch64.whl", hash = "sha256:a5e641f931c5cd95b376fd3c59db52770e17bec2bf86ef16cc83b3906c054845"},
    {file = "pymongo-4.6.1-cp39-cp39-manylinux_2_17_ppc64le.manylinux2014_ppc64le.whl", hash = "sha256:9aafd036f6f2e5ad109aec92f8dbfcbe76cff16bad683eb6dd18013739c0b3ae"},
    {file = "pymongo-4.6.1-cp39-cp39-manylinux_2_17_s390x.manylinux2014_s390x.whl", hash = "sha256:1f2b856518bfcfa316c8dae3d7b412aecacf2e8ba30b149f5eb3b63128d703b9"},
    {file = "pymongo-4.6.1-cp39-cp39-manylinux_2_17_x86_64.manylinux2014_x86_64.whl", hash = "sha256:5ec31adc2e988fd7db3ab509954791bbc5a452a03c85e45b804b4bfc31fa221d"},
    {file = "pymongo-4.6.1-cp39-cp39-manylinux_2_5_i686.manylinux1_i686.manylinux_2_17_i686.manylinux2014_i686.whl", hash = "sha256:9167e735379ec43d8eafa3fd675bfbb12e2c0464f98960586e9447d2cf2c7a83"},
    {file = "pymongo-4.6.1-cp39-cp39-manylinux_2_5_i686.manylinux1_i686.whl", hash = "sha256:1461199b07903fc1424709efafe379205bf5f738144b1a50a08b0396357b5abf"},
    {file = "pymongo-4.6.1-cp39-cp39-manylinux_2_5_x86_64.manylinux1_x86_64.whl", hash = "sha256:3094c7d2f820eecabadae76bfec02669567bbdd1730eabce10a5764778564f7b"},
    {file = "pymongo-4.6.1-cp39-cp39-win32.whl", hash = "sha256:c91ea3915425bd4111cb1b74511cdc56d1d16a683a48bf2a5a96b6a6c0f297f7"},
    {file = "pymongo-4.6.1-cp39-cp39-win_amd64.whl", hash = "sha256:ef102a67ede70e1721fe27f75073b5314911dbb9bc27cde0a1c402a11531e7bd"},
    {file = "pymongo-4.6.1.tar.gz", hash = "sha256:31dab1f3e1d0cdd57e8df01b645f52d43cc1b653ed3afd535d2891f4fc4f9712"},
]

[package.dependencies]
dnspython = ">=1.16.0,<3.0.0"

[package.extras]
aws = ["pymongo-auth-aws (<2.0.0)"]
encryption = ["certifi", "pymongo[aws]", "pymongocrypt (>=1.6.0,<2.0.0)"]
gssapi = ["pykerberos", "winkerberos (>=0.5.0)"]
ocsp = ["certifi", "cryptography (>=2.5)", "pyopenssl (>=17.2.0)", "requests (<3.0.0)", "service-identity (>=18.1.0)"]
snappy = ["python-snappy"]
test = ["pytest (>=7)"]
zstd = ["zstandard"]

[package.source]
type = "legacy"
url = "http://mirrors.aliyun.com/pypi/simple"
reference = "aliyun"

[[package]]
name = "setuptools"
version = "69.0.3"
description = "Easily download, build, install, upgrade, and uninstall Python packages"
optional = false
python-versions = ">=3.8"
files = [
    {file = "setuptools-69.0.3-py3-none-any.whl", hash = "sha256:385eb4edd9c9d5c17540511303e39a147ce2fc04bc55289c322b9e5904fe2c05"},
    {file = "setuptools-69.0.3.tar.gz", hash = "sha256:be1af57fc409f93647f2e8e4573a142ed38724b8cdd389706a867bb4efcf1e78"},
]

[package.extras]
docs = ["furo", "jaraco.packaging (>=9.3)", "jaraco.tidelift (>=1.4)", "pygments-github-lexers (==0.0.5)", "rst.linker (>=1.9)", "sphinx (<7.2.5)", "sphinx (>=3.5)", "sphinx-favicon", "sphinx-inline-tabs", "sphinx-lint", "sphinx-notfound-page (>=1,<2)", "sphinx-reredirects", "sphinxcontrib-towncrier"]
testing = ["build[virtualenv]", "filelock (>=3.4.0)", "flake8-2020", "ini2toml[lite] (>=0.9)", "jaraco.develop (>=7.21)", "jaraco.envs (>=2.2)", "jaraco.path (>=3.2.0)", "pip (>=19.1)", "pytest (>=6)", "pytest-black (>=0.3.7)", "pytest-checkdocs (>=2.4)", "pytest-cov", "pytest-enabler (>=2.2)", "pytest-mypy (>=0.9.1)", "pytest-perf", "pytest-ruff", "pytest-timeout", "pytest-xdist", "tomli-w (>=1.0.0)", "virtualenv (>=13.0.0)", "wheel"]
testing-integration = ["build[virtualenv] (>=1.0.3)", "filelock (>=3.4.0)", "jaraco.envs (>=2.2)", "jaraco.path (>=3.2.0)", "packaging (>=23.1)", "pytest", "pytest-enabler", "pytest-xdist", "tomli", "virtualenv (>=13.0.0)", "wheel"]

[package.source]
type = "legacy"
url = "http://mirrors.aliyun.com/pypi/simple"
reference = "aliyun"

[[package]]
name = "smmap"
version = "5.0.1"
description = "A pure Python implementation of a sliding window memory map manager"
optional = false
python-versions = ">=3.7"
files = [
    {file = "smmap-5.0.1-py3-none-any.whl", hash = "sha256:e6d8668fa5f93e706934a62d7b4db19c8d9eb8cf2adbb75ef1b675aa332b69da"},
    {file = "smmap-5.0.1.tar.gz", hash = "sha256:dceeb6c0028fdb6734471eb07c0cd2aae706ccaecab45965ee83f11c8d3b1f62"},
]

[package.source]
type = "legacy"
url = "http://mirrors.aliyun.com/pypi/simple"
reference = "aliyun"

[metadata]
lock-version = "2.0"
python-versions = "^3.10"
content-hash = "fc8e7af920c31f4aac176df1ac4a8bf3454a179e4d4cb6c434b37ebb19d407f6"
